// !$*UTF8*$!
{
	archiveVersion = 1;
	classes = {
	};
	objectVersion = 77;
	objects = {

/* Begin PBXBuildFile section */
		09A6AA3F475DB39E49E4F5FE /* AppContainer.swift in Sources */ = {isa = PBXBuildFile; fileRef = 21F3DE3B767C8A555D8C9229 /* AppContainer.swift */; };
		0C05B7ABC22AB0161622A0B4 /* FodmapEngineTests.swift in Sources */ = {isa = PBXBuildFile; fileRef = DF7212A7B664B989D0447D1D /* FodmapEngineTests.swift */; };
		0C182D22C00350918C08D657 /* Models.swift in Sources */ = {isa = PBXBuildFile; fileRef = A66B57114655F280D306CBE1 /* Models.swift */; };
		179E7348C2B9A2C0DBDFA017 /* VerdictView.swift in Sources */ = {isa = PBXBuildFile; fileRef = 00B9B39D554DE9C260D37A5F /* VerdictView.swift */; };
		207499FA187D3CFC1B193B3B /* ExploreSafeFoodsView.swift in Sources */ = {isa = PBXBuildFile; fileRef = 8894541365B8B8259C17A404 /* ExploreSafeFoodsView.swift */; };
		26CF3C6CA75F4F5AA05A2EFB /* OpenFoodFactsClient.swift in Sources */ = {isa = PBXBuildFile; fileRef = FF415A50636497C34F0DC513 /* OpenFoodFactsClient.swift */; };
		3312C34ACDA5314C5F287F05 /* OpenFoodFactsClientTests.swift in Sources */ = {isa = PBXBuildFile; fileRef = FA8C2A0B42AD9FA36D8D02F6 /* OpenFoodFactsClientTests.swift */; };
		37C16D4C335CA3DB4D37D70B /* SettingsView.swift in Sources */ = {isa = PBXBuildFile; fileRef = 7425FA91B4D71083DDC74116 /* SettingsView.swift */; };
		45C4BDEECDB01718407BFCF4 /* IngredientBreakdownView.swift in Sources */ = {isa = PBXBuildFile; fileRef = 80E37EF84C81CF198A5FF41D /* IngredientBreakdownView.swift */; };
		7939B82F4B810E71271068AA /* IngredientNormalizerTests.swift in Sources */ = {isa = PBXBuildFile; fileRef = 6013B125BE7367B34F0C34F1 /* IngredientNormalizerTests.swift */; };
		795818B63542A92E27CD1AA3 /* ScannerView.swift in Sources */ = {isa = PBXBuildFile; fileRef = CE4ADE0B7A27B7B630547ADD /* ScannerView.swift */; };
		7D91C7C6B2113EE2CF31130F /* FodmapEngine.swift in Sources */ = {isa = PBXBuildFile; fileRef = 32E67926FE19DFB37DAD40B2 /* FodmapEngine.swift */; };
		89A45C5D4D698073328E9D74 /* RulesetLoader.swift in Sources */ = {isa = PBXBuildFile; fileRef = C1B196A73D61CC72E042BD22 /* RulesetLoader.swift */; };
		8F83E9CC3312F8C93CB4617B /* OnDeviceLLMClient.swift in Sources */ = {isa = PBXBuildFile; fileRef = A2B85B589ECAAA6CE74C9470 /* OnDeviceLLMClient.swift */; };
		914B6A5FA9CD06C4316A47A0 /* DataScannerRepresentable.swift in Sources */ = {isa = PBXBuildFile; fileRef = E569DAE2C9C77004BCF0CB61 /* DataScannerRepresentable.swift */; };
		9A32DC6C152C883717FACA0A /* Persistence.swift in Sources */ = {isa = PBXBuildFile; fileRef = 8B1E2BD6ADA496F928AC601D /* Persistence.swift */; };
		ACAB30A8F794DC20A6FCD8E2 /* VerdictStatus.swift in Sources */ = {isa = PBXBuildFile; fileRef = 51895B18C5F04FBB72FEE153 /* VerdictStatus.swift */; };
		B583E7B888B30F9538E5EB49 /* LowFodmapScannerApp.swift in Sources */ = {isa = PBXBuildFile; fileRef = FE998A91D085984BBACD16B0 /* LowFodmapScannerApp.swift */; };
		BA2B058C46D7B7EF31E3EABC /* IngredientNormalizer.swift in Sources */ = {isa = PBXBuildFile; fileRef = 2DFAD14EEB2D072065CB9172 /* IngredientNormalizer.swift */; };
		CCB8464AF631B3FF88EC03BD /* MealPrepView.swift in Sources */ = {isa = PBXBuildFile; fileRef = 2DA7DAE9DD0AEAE5DEC2AF84 /* MealPrepView.swift */; };
		D79ED66FD9E528262889C2EE /* HomeView.swift in Sources */ = {isa = PBXBuildFile; fileRef = 45ECC598B070640EF6B59A65 /* HomeView.swift */; };
		DA6E5E9BA9A957AE48F0EA45 /* ScannerViewModel.swift in Sources */ = {isa = PBXBuildFile; fileRef = 7F83DD922D3BFD5D16F30283 /* ScannerViewModel.swift */; };
		E50A5C3552B55D64AF8B6F19 /* OFFProduct.swift in Sources */ = {isa = PBXBuildFile; fileRef = 85E329AC112099EBF6DEC291 /* OFFProduct.swift */; };
		EC8D6B8A9527FD734765680A /* Assets.xcassets in Resources */ = {isa = PBXBuildFile; fileRef = 6BD6E1CC48353EBB319EBE9E /* Assets.xcassets */; };
		F8EB0F84827E960D206D4331 /* fodmap_ingredients.json in Resources */ = {isa = PBXBuildFile; fileRef = 38CE6B0A59632471F6232EC2 /* fodmap_ingredients.json */; };
		FE8AFF8A51C0FC8CEE154467 /* HistoryView.swift in Sources */ = {isa = PBXBuildFile; fileRef = FF0C74E555FB36461A6361DD /* HistoryView.swift */; };
/* End PBXBuildFile section */

/* Begin PBXContainerItemProxy section */
		43E8406337B049E2110DFEC4 /* PBXContainerItemProxy */ = {
			isa = PBXContainerItemProxy;
			containerPortal = 2B9F67EBF8515371E888F81F /* Project object */;
			proxyType = 1;
			remoteGlobalIDString = F9C0BA252484EDA3BADEEA25;
			remoteInfo = FodScan;
		};
/* End PBXContainerItemProxy section */

/* Begin PBXFileReference section */
		00B9B39D554DE9C260D37A5F /* VerdictView.swift */ = {isa = PBXFileReference; lastKnownFileType = sourcecode.swift; path = VerdictView.swift; sourceTree = "<group>"; };
		21F3DE3B767C8A555D8C9229 /* AppContainer.swift */ = {isa = PBXFileReference; lastKnownFileType = sourcecode.swift; path = AppContainer.swift; sourceTree = "<group>"; };
		2DA7DAE9DD0AEAE5DEC2AF84 /* MealPrepView.swift */ = {isa = PBXFileReference; lastKnownFileType = sourcecode.swift; path = MealPrepView.swift; sourceTree = "<group>"; };
		2DFAD14EEB2D072065CB9172 /* IngredientNormalizer.swift */ = {isa = PBXFileReference; lastKnownFileType = sourcecode.swift; path = IngredientNormalizer.swift; sourceTree = "<group>"; };
		32E67926FE19DFB37DAD40B2 /* FodmapEngine.swift */ = {isa = PBXFileReference; lastKnownFileType = sourcecode.swift; path = FodmapEngine.swift; sourceTree = "<group>"; };
		38CE6B0A59632471F6232EC2 /* fodmap_ingredients.json */ = {isa = PBXFileReference; lastKnownFileType = text.json; path = fodmap_ingredients.json; sourceTree = "<group>"; };
		40AE13C0B028194D3973FC6D /* FodScan.app */ = {isa = PBXFileReference; explicitFileType = wrapper.application; includeInIndex = 0; path = FodScan.app; sourceTree = BUILT_PRODUCTS_DIR; };
		42ACF66CD6293471F7E72309 /* Info.plist */ = {isa = PBXFileReference; lastKnownFileType = text.plist; path = Info.plist; sourceTree = "<group>"; };
		45ECC598B070640EF6B59A65 /* HomeView.swift */ = {isa = PBXFileReference; lastKnownFileType = sourcecode.swift; path = HomeView.swift; sourceTree = "<group>"; };
		51895B18C5F04FBB72FEE153 /* VerdictStatus.swift */ = {isa = PBXFileReference; lastKnownFileType = sourcecode.swift; path = VerdictStatus.swift; sourceTree = "<group>"; };
		6013B125BE7367B34F0C34F1 /* IngredientNormalizerTests.swift */ = {isa = PBXFileReference; lastKnownFileType = sourcecode.swift; path = IngredientNormalizerTests.swift; sourceTree = "<group>"; };
		6BD6E1CC48353EBB319EBE9E /* Assets.xcassets */ = {isa = PBXFileReference; lastKnownFileType = folder.assetcatalog; path = Assets.xcassets; sourceTree = "<group>"; };
		7425FA91B4D71083DDC74116 /* SettingsView.swift */ = {isa = PBXFileReference; lastKnownFileType = sourcecode.swift; path = SettingsView.swift; sourceTree = "<group>"; };
		7F83DD922D3BFD5D16F30283 /* ScannerViewModel.swift */ = {isa = PBXFileReference; lastKnownFileType = sourcecode.swift; path = ScannerViewModel.swift; sourceTree = "<group>"; };
		80E37EF84C81CF198A5FF41D /* IngredientBreakdownView.swift */ = {isa = PBXFileReference; lastKnownFileType = sourcecode.swift; path = IngredientBreakdownView.swift; sourceTree = "<group>"; };
		85E329AC112099EBF6DEC291 /* OFFProduct.swift */ = {isa = PBXFileReference; lastKnownFileType = sourcecode.swift; path = OFFProduct.swift; sourceTree = "<group>"; };
		8894541365B8B8259C17A404 /* ExploreSafeFoodsView.swift */ = {isa = PBXFileReference; lastKnownFileType = sourcecode.swift; path = ExploreSafeFoodsView.swift; sourceTree = "<group>"; };
		8B1E2BD6ADA496F928AC601D /* Persistence.swift */ = {isa = PBXFileReference; lastKnownFileType = sourcecode.swift; path = Persistence.swift; sourceTree = "<group>"; };
		9155568616F0AD1EA2DBB192 /* FodScanTests.xctest */ = {isa = PBXFileReference; includeInIndex = 0; lastKnownFileType = wrapper.cfbundle; path = FodScanTests.xctest; sourceTree = BUILT_PRODUCTS_DIR; };
		A2B85B589ECAAA6CE74C9470 /* OnDeviceLLMClient.swift */ = {isa = PBXFileReference; lastKnownFileType = sourcecode.swift; path = OnDeviceLLMClient.swift; sourceTree = "<group>"; };
		A66B57114655F280D306CBE1 /* Models.swift */ = {isa = PBXFileReference; lastKnownFileType = sourcecode.swift; path = Models.swift; sourceTree = "<group>"; };
		C1B196A73D61CC72E042BD22 /* RulesetLoader.swift */ = {isa = PBXFileReference; lastKnownFileType = sourcecode.swift; path = RulesetLoader.swift; sourceTree = "<group>"; };
		CE4ADE0B7A27B7B630547ADD /* ScannerView.swift */ = {isa = PBXFileReference; lastKnownFileType = sourcecode.swift; path = ScannerView.swift; sourceTree = "<group>"; };
		DF7212A7B664B989D0447D1D /* FodmapEngineTests.swift */ = {isa = PBXFileReference; lastKnownFileType = sourcecode.swift; path = FodmapEngineTests.swift; sourceTree = "<group>"; };
		E569DAE2C9C77004BCF0CB61 /* DataScannerRepresentable.swift */ = {isa = PBXFileReference; lastKnownFileType = sourcecode.swift; path = DataScannerRepresentable.swift; sourceTree = "<group>"; };
		FA8C2A0B42AD9FA36D8D02F6 /* OpenFoodFactsClientTests.swift */ = {isa = PBXFileReference; lastKnownFileType = sourcecode.swift; path = OpenFoodFactsClientTests.swift; sourceTree = "<group>"; };
		FE998A91D085984BBACD16B0 /* LowFodmapScannerApp.swift */ = {isa = PBXFileReference; lastKnownFileType = sourcecode.swift; path = LowFodmapScannerApp.swift; sourceTree = "<group>"; };
		FF0C74E555FB36461A6361DD /* HistoryView.swift */ = {isa = PBXFileReference; lastKnownFileType = sourcecode.swift; path = HistoryView.swift; sourceTree = "<group>"; };
		FF415A50636497C34F0DC513 /* OpenFoodFactsClient.swift */ = {isa = PBXFileReference; lastKnownFileType = sourcecode.swift; path = OpenFoodFactsClient.swift; sourceTree = "<group>"; };
/* End PBXFileReference section */

/* Begin PBXGroup section */
		03291CFAB71E9C6A6063394E /* Verdict */ = {
			isa = PBXGroup;
			children = (
				80E37EF84C81CF198A5FF41D /* IngredientBreakdownView.swift */,
				00B9B39D554DE9C260D37A5F /* VerdictView.swift */,
			);
			path = Verdict;
			sourceTree = "<group>";
		};
		1DB2E6CD722DF8F1519A8AF0 /* Features */ = {
			isa = PBXGroup;
			children = (
				4D663DCE0613599E082670B3 /* Explore */,
				86A0C4BFE8AB6DF00056F619 /* History */,
				988F23B3275DFE5E2881DF72 /* Home */,
				E0155D562941AD67C39215F7 /* MealPrep */,
				F748F2D5FB19392FF4A59AC0 /* Scanner */,
				5DAF9F7C00C86B6FE6669EAD /* Settings */,
				03291CFAB71E9C6A6063394E /* Verdict */,
			);
			path = Features;
			sourceTree = "<group>";
		};
		2F4DC100331BFE79F243B771 /* OpenFoodFacts */ = {
			isa = PBXGroup;
			children = (
				85E329AC112099EBF6DEC291 /* OFFProduct.swift */,
				FF415A50636497C34F0DC513 /* OpenFoodFactsClient.swift */,
			);
			path = OpenFoodFacts;
			sourceTree = "<group>";
		};
		4C11A3302C0CA7F3911BB363 = {
			isa = PBXGroup;
			children = (
				53B0C61BC57D567204E516BC /* FodScan */,
				A621A17163C71AE948447E6F /* Tests */,
				5D20060DE135E82184EE5DD8 /* Products */,
			);
			sourceTree = "<group>";
		};
		4D663DCE0613599E082670B3 /* Explore */ = {
			isa = PBXGroup;
			children = (
				8894541365B8B8259C17A404 /* ExploreSafeFoodsView.swift */,
			);
			path = Explore;
			sourceTree = "<group>";
		};
		53B0C61BC57D567204E516BC /* FodScan */ = {
			isa = PBXGroup;
			children = (
				42ACF66CD6293471F7E72309 /* Info.plist */,
				94DAE3D119EA6441FD192381 /* App */,
				F532346E4780395377639FB1 /* Core */,
				1DB2E6CD722DF8F1519A8AF0 /* Features */,
				C07857414553E9E9BF1D7968 /* Resources */,
			);
			path = FodScan;
			sourceTree = "<group>";
		};
		574EE22D6A08CE65B938537D /* Persistence */ = {
			isa = PBXGroup;
			children = (
				A66B57114655F280D306CBE1 /* Models.swift */,
				8B1E2BD6ADA496F928AC601D /* Persistence.swift */,
			);
			path = Persistence;
			sourceTree = "<group>";
		};
		5D20060DE135E82184EE5DD8 /* Products */ = {
			isa = PBXGroup;
			children = (
				40AE13C0B028194D3973FC6D /* FodScan.app */,
				9155568616F0AD1EA2DBB192 /* FodScanTests.xctest */,
			);
			name = Products;
			sourceTree = "<group>";
		};
		5DAF9F7C00C86B6FE6669EAD /* Settings */ = {
			isa = PBXGroup;
			children = (
				7425FA91B4D71083DDC74116 /* SettingsView.swift */,
			);
			path = Settings;
			sourceTree = "<group>";
		};
		86A0C4BFE8AB6DF00056F619 /* History */ = {
			isa = PBXGroup;
			children = (
				FF0C74E555FB36461A6361DD /* HistoryView.swift */,
			);
			path = History;
			sourceTree = "<group>";
		};
		94DAE3D119EA6441FD192381 /* App */ = {
			isa = PBXGroup;
			children = (
				21F3DE3B767C8A555D8C9229 /* AppContainer.swift */,
				FE998A91D085984BBACD16B0 /* LowFodmapScannerApp.swift */,
			);
			path = App;
			sourceTree = "<group>";
		};
		988F23B3275DFE5E2881DF72 /* Home */ = {
			isa = PBXGroup;
			children = (
				45ECC598B070640EF6B59A65 /* HomeView.swift */,
			);
			path = Home;
			sourceTree = "<group>";
		};
		9E9973DDF984051DE4F95949 /* LLM */ = {
			isa = PBXGroup;
			children = (
				A2B85B589ECAAA6CE74C9470 /* OnDeviceLLMClient.swift */,
			);
			path = LLM;
			sourceTree = "<group>";
		};
		A621A17163C71AE948447E6F /* Tests */ = {
			isa = PBXGroup;
			children = (
				DF7212A7B664B989D0447D1D /* FodmapEngineTests.swift */,
				6013B125BE7367B34F0C34F1 /* IngredientNormalizerTests.swift */,
				FA8C2A0B42AD9FA36D8D02F6 /* OpenFoodFactsClientTests.swift */,
			);
			path = Tests;
			sourceTree = "<group>";
		};
		C07857414553E9E9BF1D7968 /* Resources */ = {
			isa = PBXGroup;
			children = (
				6BD6E1CC48353EBB319EBE9E /* Assets.xcassets */,
				38CE6B0A59632471F6232EC2 /* fodmap_ingredients.json */,
			);
			path = Resources;
			sourceTree = "<group>";
		};
		D792A0AD1A28DD857A3A6FE7 /* FodmapEngine */ = {
			isa = PBXGroup;
			children = (
				32E67926FE19DFB37DAD40B2 /* FodmapEngine.swift */,
				2DFAD14EEB2D072065CB9172 /* IngredientNormalizer.swift */,
				C1B196A73D61CC72E042BD22 /* RulesetLoader.swift */,
				51895B18C5F04FBB72FEE153 /* VerdictStatus.swift */,
			);
			path = FodmapEngine;
			sourceTree = "<group>";
		};
		E0155D562941AD67C39215F7 /* MealPrep */ = {
			isa = PBXGroup;
			children = (
				2DA7DAE9DD0AEAE5DEC2AF84 /* MealPrepView.swift */,
			);
			path = MealPrep;
			sourceTree = "<group>";
		};
		F532346E4780395377639FB1 /* Core */ = {
			isa = PBXGroup;
			children = (
				D792A0AD1A28DD857A3A6FE7 /* FodmapEngine */,
				9E9973DDF984051DE4F95949 /* LLM */,
				2F4DC100331BFE79F243B771 /* OpenFoodFacts */,
				574EE22D6A08CE65B938537D /* Persistence */,
			);
			path = Core;
			sourceTree = "<group>";
		};
		F748F2D5FB19392FF4A59AC0 /* Scanner */ = {
			isa = PBXGroup;
			children = (
				E569DAE2C9C77004BCF0CB61 /* DataScannerRepresentable.swift */,
				CE4ADE0B7A27B7B630547ADD /* ScannerView.swift */,
				7F83DD922D3BFD5D16F30283 /* ScannerViewModel.swift */,
			);
			path = Scanner;
			sourceTree = "<group>";
		};
/* End PBXGroup section */

/* Begin PBXNativeTarget section */
		CCB593C4727764CE3C9FB270 /* FodScanTests */ = {
			isa = PBXNativeTarget;
			buildConfigurationList = 7E780ADD4326ECE61CC8C826 /* Build configuration list for PBXNativeTarget "FodScanTests" */;
			buildPhases = (
				65F2C2C4E9C86EBB20145F56 /* Sources */,
			);
			buildRules = (
			);
			dependencies = (
				5EB947BB9C06B1B35FE32F01 /* PBXTargetDependency */,
			);
			name = FodScanTests;
			packageProductDependencies = (
			);
			productName = FodScanTests;
			productReference = 9155568616F0AD1EA2DBB192 /* FodScanTests.xctest */;
			productType = "com.apple.product-type.bundle.unit-test";
		};
		F9C0BA252484EDA3BADEEA25 /* FodScan */ = {
			isa = PBXNativeTarget;
			buildConfigurationList = 1A5361318FA52A73BA586F52 /* Build configuration list for PBXNativeTarget "FodScan" */;
			buildPhases = (
				D281822D03D2900EEACB1BB0 /* Sources */,
				ED2A1CB6CCD30BB5B2C38A43 /* Resources */,
			);
			buildRules = (
			);
			dependencies = (
			);
			name = FodScan;
			packageProductDependencies = (
			);
			productName = FodScan;
			productReference = 40AE13C0B028194D3973FC6D /* FodScan.app */;
			productType = "com.apple.product-type.application";
		};
/* End PBXNativeTarget section */

/* Begin PBXProject section */
		2B9F67EBF8515371E888F81F /* Project object */ = {
			isa = PBXProject;
			attributes = {
				BuildIndependentTargetsInParallel = YES;
				LastUpgradeCheck = 1430;
			};
			buildConfigurationList = 872FC5A3FDD6FC261E23090D /* Build configuration list for PBXProject "FodScan" */;
			developmentRegion = en;
			hasScannedForEncodings = 0;
			knownRegions = (
				Base,
				en,
			);
			mainGroup = 4C11A3302C0CA7F3911BB363;
			minimizedProjectReferenceProxies = 1;
			preferredProjectObjectVersion = 77;
			productRefGroup = 5D20060DE135E82184EE5DD8 /* Products */;
			projectDirPath = "";
			projectRoot = "";
			targets = (
				F9C0BA252484EDA3BADEEA25 /* FodScan */,
				CCB593C4727764CE3C9FB270 /* FodScanTests */,
			);
		};
/* End PBXProject section */

/* Begin PBXResourcesBuildPhase section */
		ED2A1CB6CCD30BB5B2C38A43 /* Resources */ = {
			isa = PBXResourcesBuildPhase;
			buildActionMask = 2147483647;
			files = (
				EC8D6B8A9527FD734765680A /* Assets.xcassets in Resources */,
				F8EB0F84827E960D206D4331 /* fodmap_ingredients.json in Resources */,
			);
			runOnlyForDeploymentPostprocessing = 0;
		};
/* End PBXResourcesBuildPhase section */

/* Begin PBXSourcesBuildPhase section */
		65F2C2C4E9C86EBB20145F56 /* Sources */ = {
			isa = PBXSourcesBuildPhase;
			buildActionMask = 2147483647;
			files = (
				0C05B7ABC22AB0161622A0B4 /* FodmapEngineTests.swift in Sources */,
				7939B82F4B810E71271068AA /* IngredientNormalizerTests.swift in Sources */,
				3312C34ACDA5314C5F287F05 /* OpenFoodFactsClientTests.swift in Sources */,
			);
			runOnlyForDeploymentPostprocessing = 0;
		};
		D281822D03D2900EEACB1BB0 /* Sources */ = {
			isa = PBXSourcesBuildPhase;
			buildActionMask = 2147483647;
			files = (
				09A6AA3F475DB39E49E4F5FE /* AppContainer.swift in Sources */,
				914B6A5FA9CD06C4316A47A0 /* DataScannerRepresentable.swift in Sources */,
				207499FA187D3CFC1B193B3B /* ExploreSafeFoodsView.swift in Sources */,
				7D91C7C6B2113EE2CF31130F /* FodmapEngine.swift in Sources */,
				FE8AFF8A51C0FC8CEE154467 /* HistoryView.swift in Sources */,
				D79ED66FD9E528262889C2EE /* HomeView.swift in Sources */,
				45C4BDEECDB01718407BFCF4 /* IngredientBreakdownView.swift in Sources */,
				BA2B058C46D7B7EF31E3EABC /* IngredientNormalizer.swift in Sources */,
				B583E7B888B30F9538E5EB49 /* LowFodmapScannerApp.swift in Sources */,
				CCB8464AF631B3FF88EC03BD /* MealPrepView.swift in Sources */,
				0C182D22C00350918C08D657 /* Models.swift in Sources */,
				E50A5C3552B55D64AF8B6F19 /* OFFProduct.swift in Sources */,
				8F83E9CC3312F8C93CB4617B /* OnDeviceLLMClient.swift in Sources */,
				26CF3C6CA75F4F5AA05A2EFB /* OpenFoodFactsClient.swift in Sources */,
				9A32DC6C152C883717FACA0A /* Persistence.swift in Sources */,
				89A45C5D4D698073328E9D74 /* RulesetLoader.swift in Sources */,
				795818B63542A92E27CD1AA3 /* ScannerView.swift in Sources */,
				DA6E5E9BA9A957AE48F0EA45 /* ScannerViewModel.swift in Sources */,
				37C16D4C335CA3DB4D37D70B /* SettingsView.swift in Sources */,
				ACAB30A8F794DC20A6FCD8E2 /* VerdictStatus.swift in Sources */,
				179E7348C2B9A2C0DBDFA017 /* VerdictView.swift in Sources */,
			);
			runOnlyForDeploymentPostprocessing = 0;
		};
/* End PBXSourcesBuildPhase section */

/* Begin PBXTargetDependency section */
		5EB947BB9C06B1B35FE32F01 /* PBXTargetDependency */ = {
			isa = PBXTargetDependency;
			target = F9C0BA252484EDA3BADEEA25 /* FodScan */;
			targetProxy = 43E8406337B049E2110DFEC4 /* PBXContainerItemProxy */;
		};
/* End PBXTargetDependency section */

/* Begin XCBuildConfiguration section */
		340C6D0AEA0E11FFA18E9871 /* Release */ = {
			isa = XCBuildConfiguration;
			buildSettings = {
				BUNDLE_LOADER = "$(TEST_HOST)";
				IPHONEOS_DEPLOYMENT_TARGET = 17.0;
				LD_RUNPATH_SEARCH_PATHS = (
					"$(inherited)",
					"@executable_path/Frameworks",
					"@loader_path/Frameworks",
				);
				PRODUCT_BUNDLE_IDENTIFIER = com.studiocavan.FodScanTests;
				SDKROOT = iphoneos;
				SWIFT_VERSION = 5.10;
				TARGETED_DEVICE_FAMILY = "1,2";
				TEST_HOST = "$(BUILT_PRODUCTS_DIR)/FodScan.app/FodScan";
			};
			name = Release;
		};
		78524AF0D2318B7272EFE4C4 /* Debug */ = {
			isa = XCBuildConfiguration;
			buildSettings = {
				ASSETCATALOG_COMPILER_APPICON_NAME = AppIcon;
				CODE_SIGN_IDENTITY = "iPhone Developer";
				CURRENT_PROJECT_VERSION = 1;
				DEVELOPMENT_TEAM = 2MLTGC8366;
				INFOPLIST_FILE = FodScan/Info.plist;
				IPHONEOS_DEPLOYMENT_TARGET = 17.0;
				LD_RUNPATH_SEARCH_PATHS = (
					"$(inherited)",
					"@executable_path/Frameworks",
				);
				MARKETING_VERSION = 1.0;
				PRODUCT_BUNDLE_IDENTIFIER = com.studiocavan.fodscan;
				PRODUCT_NAME = FodScan;
				SDKROOT = iphoneos;
				SWIFT_VERSION = 5.10;
				TARGETED_DEVICE_FAMILY = "1,2";
			};
			name = Debug;
		};
		9D53770C389DBF05315813A4 /* Debug */ = {
			isa = XCBuildConfiguration;
			buildSettings = {
				ALWAYS_SEARCH_USER_PATHS = NO;
				CLANG_ANALYZER_NONNULL = YES;
				CLANG_ANALYZER_NUMBER_OBJECT_CONVERSION = YES_AGGRESSIVE;
				CLANG_CXX_LANGUAGE_STANDARD = "gnu++14";
				CLANG_CXX_LIBRARY = "libc++";
				CLANG_ENABLE_MODULES = YES;
				CLANG_ENABLE_OBJC_ARC = YES;
				CLANG_ENABLE_OBJC_WEAK = YES;
				CLANG_WARN_BLOCK_CAPTURE_AUTORELEASING = YES;
				CLANG_WARN_BOOL_CONVERSION = YES;
				CLANG_WARN_COMMA = YES;
				CLANG_WARN_CONSTANT_CONVERSION = YES;
				CLANG_WARN_DEPRECATED_OBJC_IMPLEMENTATIONS = YES;
				CLANG_WARN_DIRECT_OBJC_ISA_USAGE = YES_ERROR;
				CLANG_WARN_DOCUMENTATION_COMMENTS = YES;
				CLANG_WARN_EMPTY_BODY = YES;
				CLANG_WARN_ENUM_CONVERSION = YES;
				CLANG_WARN_INFINITE_RECURSION = YES;
				CLANG_WARN_INT_CONVERSION = YES;
				CLANG_WARN_NON_LITERAL_NULL_CONVERSION = YES;
				CLANG_WARN_OBJC_IMPLICIT_RETAIN_SELF = YES;
				CLANG_WARN_OBJC_LITERAL_CONVERSION = YES;
				CLANG_WARN_OBJC_ROOT_CLASS = YES_ERROR;
				CLANG_WARN_QUOTED_INCLUDE_IN_FRAMEWORK_HEADER = YES;
				CLANG_WARN_RANGE_LOOP_ANALYSIS = YES;
				CLANG_WARN_STRICT_PROTOTYPES = YES;
				CLANG_WARN_SUSPICIOUS_MOVE = YES;
				CLANG_WARN_UNGUARDED_AVAILABILITY = YES_AGGRESSIVE;
				CLANG_WARN_UNREACHABLE_CODE = YES;
				CLANG_WARN__DUPLICATE_METHOD_MATCH = YES;
				COPY_PHASE_STRIP = NO;
				DEBUG_INFORMATION_FORMAT = dwarf;
				ENABLE_STRICT_OBJC_MSGSEND = YES;
				ENABLE_TESTABILITY = YES;
				GCC_C_LANGUAGE_STANDARD = gnu11;
				GCC_DYNAMIC_NO_PIC = NO;
				GCC_NO_COMMON_BLOCKS = YES;
				GCC_OPTIMIZATION_LEVEL = 0;
				GCC_PREPROCESSOR_DEFINITIONS = (
					"$(inherited)",
					"DEBUG=1",
				);
				GCC_WARN_64_TO_32_BIT_CONVERSION = YES;
				GCC_WARN_ABOUT_RETURN_TYPE = YES_ERROR;
				GCC_WARN_UNDECLARED_SELECTOR = YES;
				GCC_WARN_UNINITIALIZED_AUTOS = YES_AGGRESSIVE;
				GCC_WARN_UNUSED_FUNCTION = YES;
				GCC_WARN_UNUSED_VARIABLE = YES;
				IPHONEOS_DEPLOYMENT_TARGET = 17.0;
				MTL_ENABLE_DEBUG_INFO = INCLUDE_SOURCE;
				MTL_FAST_MATH = YES;
				ONLY_ACTIVE_ARCH = YES;
				PRODUCT_NAME = "$(TARGET_NAME)";
				SDKROOT = iphoneos;
				SWIFT_ACTIVE_COMPILATION_CONDITIONS = DEBUG;
				SWIFT_OPTIMIZATION_LEVEL = "-Onone";
				SWIFT_VERSION = 5.0;
			};
			name = Debug;
		};
		9F0537E47ED52BC5D5FF770B /* Release */ = {
			isa = XCBuildConfiguration;
			buildSettings = {
				ASSETCATALOG_COMPILER_APPICON_NAME = AppIcon;
				CODE_SIGN_IDENTITY = "iPhone Developer";
				CURRENT_PROJECT_VERSION = 1;
				DEVELOPMENT_TEAM = 2MLTGC8366;
				INFOPLIST_FILE = FodScan/Info.plist;
				IPHONEOS_DEPLOYMENT_TARGET = 17.0;
				LD_RUNPATH_SEARCH_PATHS = (
					"$(inherited)",
					"@executable_path/Frameworks",
				);
				MARKETING_VERSION = 1.0;
				PRODUCT_BUNDLE_IDENTIFIER = com.studiocavan.fodscan;
				PRODUCT_NAME = FodScan;
				SDKROOT = iphoneos;
				SWIFT_VERSION = 5.10;
				TARGETED_DEVICE_FAMILY = "1,2";
			};
			name = Release;
		};
		AE1BC2E582FCDB68D0B481DF /* Release */ = {
			isa = XCBuildConfiguration;
			buildSettings = {
				ALWAYS_SEARCH_USER_PATHS = NO;
				CLANG_ANALYZER_NONNULL = YES;
				CLANG_ANALYZER_NUMBER_OBJECT_CONVERSION = YES_AGGRESSIVE;
				CLANG_CXX_LANGUAGE_STANDARD = "gnu++14";
				CLANG_CXX_LIBRARY = "libc++";
				CLANG_ENABLE_MODULES = YES;
				CLANG_ENABLE_OBJC_ARC = YES;
				CLANG_ENABLE_OBJC_WEAK = YES;
				CLANG_WARN_BLOCK_CAPTURE_AUTORELEASING = YES;
				CLANG_WARN_BOOL_CONVERSION = YES;
				CLANG_WARN_COMMA = YES;
				CLANG_WARN_CONSTANT_CONVERSION = YES;
				CLANG_WARN_DEPRECATED_OBJC_IMPLEMENTATIONS = YES;
				CLANG_WARN_DIRECT_OBJC_ISA_USAGE = YES_ERROR;
				CLANG_WARN_DOCUMENTATION_COMMENTS = YES;
				CLANG_WARN_EMPTY_BODY = YES;
				CLANG_WARN_ENUM_CONVERSION = YES;
				CLANG_WARN_INFINITE_RECURSION = YES;
				CLANG_WARN_INT_CONVERSION = YES;
				CLANG_WARN_NON_LITERAL_NULL_CONVERSION = YES;
				CLANG_WARN_OBJC_IMPLICIT_RETAIN_SELF = YES;
				CLANG_WARN_OBJC_LITERAL_CONVERSION = YES;
				CLANG_WARN_OBJC_ROOT_CLASS = YES_ERROR;
				CLANG_WARN_QUOTED_INCLUDE_IN_FRAMEWORK_HEADER = YES;
				CLANG_WARN_RANGE_LOOP_ANALYSIS = YES;
				CLANG_WARN_STRICT_PROTOTYPES = YES;
				CLANG_WARN_SUSPICIOUS_MOVE = YES;
				CLANG_WARN_UNGUARDED_AVAILABILITY = YES_AGGRESSIVE;
				CLANG_WARN_UNREACHABLE_CODE = YES;
				CLANG_WARN__DUPLICATE_METHOD_MATCH = YES;
				COPY_PHASE_STRIP = NO;
				DEBUG_INFORMATION_FORMAT = "dwarf-with-dsym";
				ENABLE_NS_ASSERTIONS = NO;
				ENABLE_STRICT_OBJC_MSGSEND = YES;
				GCC_C_LANGUAGE_STANDARD = gnu11;
				GCC_NO_COMMON_BLOCKS = YES;
				GCC_WARN_64_TO_32_BIT_CONVERSION = YES;
				GCC_WARN_ABOUT_RETURN_TYPE = YES_ERROR;
				GCC_WARN_UNDECLARED_SELECTOR = YES;
				GCC_WARN_UNINITIALIZED_AUTOS = YES_AGGRESSIVE;
				GCC_WARN_UNUSED_FUNCTION = YES;
				GCC_WARN_UNUSED_VARIABLE = YES;
				IPHONEOS_DEPLOYMENT_TARGET = 17.0;
				MTL_ENABLE_DEBUG_INFO = NO;
				MTL_FAST_MATH = YES;
				PRODUCT_NAME = "$(TARGET_NAME)";
				SDKROOT = iphoneos;
				SWIFT_COMPILATION_MODE = wholemodule;
				SWIFT_OPTIMIZATION_LEVEL = "-O";
				SWIFT_VERSION = 5.0;
			};
			name = Release;
		};
		EC83C1BC98767F010097AF2F /* Debug */ = {
			isa = XCBuildConfiguration;
			buildSettings = {
				BUNDLE_LOADER = "$(TEST_HOST)";
				IPHONEOS_DEPLOYMENT_TARGET = 17.0;
				LD_RUNPATH_SEARCH_PATHS = (
					"$(inherited)",
					"@executable_path/Frameworks",
					"@loader_path/Frameworks",
				);
				PRODUCT_BUNDLE_IDENTIFIER = com.studiocavan.FodScanTests;
				SDKROOT = iphoneos;
				SWIFT_VERSION = 5.10;
				TARGETED_DEVICE_FAMILY = "1,2";
				TEST_HOST = "$(BUILT_PRODUCTS_DIR)/FodScan.app/FodScan";
			};
			name = Debug;
		};
/* End XCBuildConfiguration section */

/* Begin XCConfigurationList section */
		1A5361318FA52A73BA586F52 /* Build configuration list for PBXNativeTarget "FodScan" */ = {
			isa = XCConfigurationList;
			buildConfigurations = (
				78524AF0D2318B7272EFE4C4 /* Debug */,
				9F0537E47ED52BC5D5FF770B /* Release */,
			);
			defaultConfigurationIsVisible = 0;
			defaultConfigurationName = Debug;
		};
		7E780ADD4326ECE61CC8C826 /* Build configuration list for PBXNativeTarget "FodScanTests" */ = {
			isa = XCConfigurationList;
			buildConfigurations = (
				EC83C1BC98767F010097AF2F /* Debug */,
				340C6D0AEA0E11FFA18E9871 /* Release */,
			);
			defaultConfigurationIsVisible = 0;
			defaultConfigurationName = Debug;
		};
		872FC5A3FDD6FC261E23090D /* Build configuration list for PBXProject "FodScan" */ = {
			isa = XCConfigurationList;
			buildConfigurations = (
				9D53770C389DBF05315813A4 /* Debug */,
				AE1BC2E582FCDB68D0B481DF /* Release */,
			);
			defaultConfigurationIsVisible = 0;
			defaultConfigurationName = Debug;
		};
/* End XCConfigurationList section */
	};
	rootObject = 2B9F67EBF8515371E888F81F /* Project object */;
}
